// !$*UTF8*$!
{
	archiveVersion = 1;
	classes = {
	};
	objectVersion = 50;
	objects = {

/* Begin PBXBuildFile section */
		55BF74DF22B572E300FBF035 /* AppDelegate.swift in Sources */ = {isa = PBXBuildFile; fileRef = 55BF74DE22B572E300FBF035 /* AppDelegate.swift */; };
		55BF74E122B572E400FBF035 /* SceneDelegate.swift in Sources */ = {isa = PBXBuildFile; fileRef = 55BF74E022B572E400FBF035 /* SceneDelegate.swift */; };
		55BF74E322B572E400FBF035 /* ContentView.swift in Sources */ = {isa = PBXBuildFile; fileRef = 55BF74E222B572E400FBF035 /* ContentView.swift */; };
		55BF74E522B572E500FBF035 /* Assets.xcassets in Resources */ = {isa = PBXBuildFile; fileRef = 55BF74E422B572E500FBF035 /* Assets.xcassets */; };
		55BF74E822B572E500FBF035 /* Preview Assets.xcassets in Resources */ = {isa = PBXBuildFile; fileRef = 55BF74E722B572E500FBF035 /* Preview Assets.xcassets */; };
		55BF74EB22B572E500FBF035 /* LaunchScreen.storyboard in Resources */ = {isa = PBXBuildFile; fileRef = 55BF74E922B572E500FBF035 /* LaunchScreen.storyboard */; };
		55BF74F322B5753F00FBF035 /* Role.swift in Sources */ = {isa = PBXBuildFile; fileRef = 55BF74F222B5753F00FBF035 /* Role.swift */; };
		55BF74F522B5E30600FBF035 /* ListView.swift in Sources */ = {isa = PBXBuildFile; fileRef = 55BF74F422B5E30600FBF035 /* ListView.swift */; };
		55FB576F22B95661007F464F /* FormView.swift in Sources */ = {isa = PBXBuildFile; fileRef = 55FB576E22B95661007F464F /* FormView.swift */; };
		55FB577322B965D8007F464F /* User.swift in Sources */ = {isa = PBXBuildFile; fileRef = 55FB577222B965D8007F464F /* User.swift */; };
		55FB577F22B96FA1007F464F /* nssl0049.jpg in Resources */ = {isa = PBXBuildFile; fileRef = 55FB577522B96FA1007F464F /* nssl0049.jpg */; };
		55FB578022B96FA1007F464F /* nssl0046.jpg in Resources */ = {isa = PBXBuildFile; fileRef = 55FB577622B96FA1007F464F /* nssl0046.jpg */; };
		55FB578122B96FA1007F464F /* nssl0091.jpg in Resources */ = {isa = PBXBuildFile; fileRef = 55FB577722B96FA1007F464F /* nssl0091.jpg */; };
		55FB578222B96FA1007F464F /* nssl0045.jpg in Resources */ = {isa = PBXBuildFile; fileRef = 55FB577822B96FA1007F464F /* nssl0045.jpg */; };
		55FB578322B96FA1007F464F /* nssl0051.jpg in Resources */ = {isa = PBXBuildFile; fileRef = 55FB577922B96FA1007F464F /* nssl0051.jpg */; };
		55FB578422B96FA1007F464F /* nssl0041.jpg in Resources */ = {isa = PBXBuildFile; fileRef = 55FB577A22B96FA1007F464F /* nssl0041.jpg */; };
		55FB578522B96FA1007F464F /* nssl0042.jpg in Resources */ = {isa = PBXBuildFile; fileRef = 55FB577B22B96FA1007F464F /* nssl0042.jpg */; };
		55FB578622B96FA1007F464F /* nssl0043.jpg in Resources */ = {isa = PBXBuildFile; fileRef = 55FB577C22B96FA1007F464F /* nssl0043.jpg */; };
		55FB578722B96FA1007F464F /* nssl0033.jpg in Resources */ = {isa = PBXBuildFile; fileRef = 55FB577D22B96FA1007F464F /* nssl0033.jpg */; };
		55FB578822B96FA1007F464F /* nssl0034.jpg in Resources */ = {isa = PBXBuildFile; fileRef = 55FB577E22B96FA1007F464F /* nssl0034.jpg */; };
/* End PBXBuildFile section */

/* Begin PBXFileReference section */
		55BF74DB22B572E300FBF035 /* Gish.app */ = {isa = PBXFileReference; explicitFileType = wrapper.application; includeInIndex = 0; path = Gish.app; sourceTree = BUILT_PRODUCTS_DIR; };
		55BF74DE22B572E300FBF035 /* AppDelegate.swift */ = {isa = PBXFileReference; lastKnownFileType = sourcecode.swift; path = AppDelegate.swift; sourceTree = "<group>"; };
		55BF74E022B572E400FBF035 /* SceneDelegate.swift */ = {isa = PBXFileReference; lastKnownFileType = sourcecode.swift; path = SceneDelegate.swift; sourceTree = "<group>"; };
		55BF74E222B572E400FBF035 /* ContentView.swift */ = {isa = PBXFileReference; lastKnownFileType = sourcecode.swift; path = ContentView.swift; sourceTree = "<group>"; };
		55BF74E422B572E500FBF035 /* Assets.xcassets */ = {isa = PBXFileReference; lastKnownFileType = folder.assetcatalog; path = Assets.xcassets; sourceTree = "<group>"; };
		55BF74E722B572E500FBF035 /* Preview Assets.xcassets */ = {isa = PBXFileReference; lastKnownFileType = folder.assetcatalog; path = "Preview Assets.xcassets"; sourceTree = "<group>"; };
		55BF74EA22B572E500FBF035 /* Base */ = {isa = PBXFileReference; lastKnownFileType = file.storyboard; name = Base; path = Base.lproj/LaunchScreen.storyboard; sourceTree = "<group>"; };
		55BF74EC22B572E500FBF035 /* Info.plist */ = {isa = PBXFileReference; lastKnownFileType = text.plist.xml; path = Info.plist; sourceTree = "<group>"; };
		55BF74F222B5753F00FBF035 /* Role.swift */ = {isa = PBXFileReference; lastKnownFileType = sourcecode.swift; path = Role.swift; sourceTree = "<group>"; };
		55BF74F422B5E30600FBF035 /* ListView.swift */ = {isa = PBXFileReference; lastKnownFileType = sourcecode.swift; path = ListView.swift; sourceTree = "<group>"; };
		55FB576E22B95661007F464F /* FormView.swift */ = {isa = PBXFileReference; lastKnownFileType = sourcecode.swift; path = FormView.swift; sourceTree = "<group>"; };
		55FB577222B965D8007F464F /* User.swift */ = {isa = PBXFileReference; lastKnownFileType = sourcecode.swift; path = User.swift; sourceTree = "<group>"; };
		55FB577522B96FA1007F464F /* nssl0049.jpg */ = {isa = PBXFileReference; lastKnownFileType = image.jpeg; path = nssl0049.jpg; sourceTree = "<group>"; };
		55FB577622B96FA1007F464F /* nssl0046.jpg */ = {isa = PBXFileReference; lastKnownFileType = image.jpeg; path = nssl0046.jpg; sourceTree = "<group>"; };
		55FB577722B96FA1007F464F /* nssl0091.jpg */ = {isa = PBXFileReference; lastKnownFileType = image.jpeg; path = nssl0091.jpg; sourceTree = "<group>"; };
		55FB577822B96FA1007F464F /* nssl0045.jpg */ = {isa = PBXFileReference; lastKnownFileType = image.jpeg; path = nssl0045.jpg; sourceTree = "<group>"; };
		55FB577922B96FA1007F464F /* nssl0051.jpg */ = {isa = PBXFileReference; lastKnownFileType = image.jpeg; path = nssl0051.jpg; sourceTree = "<group>"; };
		55FB577A22B96FA1007F464F /* nssl0041.jpg */ = {isa = PBXFileReference; lastKnownFileType = image.jpeg; path = nssl0041.jpg; sourceTree = "<group>"; };
		55FB577B22B96FA1007F464F /* nssl0042.jpg */ = {isa = PBXFileReference; lastKnownFileType = image.jpeg; path = nssl0042.jpg; sourceTree = "<group>"; };
		55FB577C22B96FA1007F464F /* nssl0043.jpg */ = {isa = PBXFileReference; lastKnownFileType = image.jpeg; path = nssl0043.jpg; sourceTree = "<group>"; };
		55FB577D22B96FA1007F464F /* nssl0033.jpg */ = {isa = PBXFileReference; lastKnownFileType = image.jpeg; path = nssl0033.jpg; sourceTree = "<group>"; };
		55FB577E22B96FA1007F464F /* nssl0034.jpg */ = {isa = PBXFileReference; lastKnownFileType = image.jpeg; path = nssl0034.jpg; sourceTree = "<group>"; };
/* End PBXFileReference section */

/* Begin PBXFrameworksBuildPhase section */
		55BF74D822B572E300FBF035 /* Frameworks */ = {
			isa = PBXFrameworksBuildPhase;
			buildActionMask = 2147483647;
			files = (
			);
			runOnlyForDeploymentPostprocessing = 0;
		};
/* End PBXFrameworksBuildPhase section */

/* Begin PBXGroup section */
		55BF74D222B572E300FBF035 = {
			isa = PBXGroup;
			children = (
				55BF74DD22B572E300FBF035 /* Gish */,
				55BF74DC22B572E300FBF035 /* Products */,
			);
			sourceTree = "<group>";
		};
		55BF74DC22B572E300FBF035 /* Products */ = {
			isa = PBXGroup;
			children = (
				55BF74DB22B572E300FBF035 /* Gish.app */,
			);
			name = Products;
			sourceTree = "<group>";
		};
		55BF74DD22B572E300FBF035 /* Gish */ = {
			isa = PBXGroup;
			children = (
				55FB577422B96FA1007F464F /* Content */,
				55FB577122B965C3007F464F /* Views */,
				55FB577022B965B9007F464F /* Models */,
				55BF74DE22B572E300FBF035 /* AppDelegate.swift */,
				55BF74E022B572E400FBF035 /* SceneDelegate.swift */,
				55BF74E422B572E500FBF035 /* Assets.xcassets */,
				55BF74E922B572E500FBF035 /* LaunchScreen.storyboard */,
				55BF74EC22B572E500FBF035 /* Info.plist */,
				55BF74E622B572E500FBF035 /* Preview Content */,
			);
			path = Gish;
			sourceTree = "<group>";
		};
		55BF74E622B572E500FBF035 /* Preview Content */ = {
			isa = PBXGroup;
			children = (
				55BF74E722B572E500FBF035 /* Preview Assets.xcassets */,
			);
			path = "Preview Content";
			sourceTree = "<group>";
		};
		55FB577022B965B9007F464F /* Models */ = {
			isa = PBXGroup;
			children = (
				55BF74F222B5753F00FBF035 /* Role.swift */,
				55FB577222B965D8007F464F /* User.swift */,
			);
			path = Models;
			sourceTree = "<group>";
		};
		55FB577122B965C3007F464F /* Views */ = {
			isa = PBXGroup;
			children = (
				55BF74E222B572E400FBF035 /* ContentView.swift */,
				55BF74F422B5E30600FBF035 /* ListView.swift */,
				55FB576E22B95661007F464F /* FormView.swift */,
			);
			path = Views;
			sourceTree = "<group>";
		};
		55FB577422B96FA1007F464F /* Content */ = {
			isa = PBXGroup;
			children = (
				55FB577522B96FA1007F464F /* nssl0049.jpg */,
				55FB577622B96FA1007F464F /* nssl0046.jpg */,
				55FB577722B96FA1007F464F /* nssl0091.jpg */,
				55FB577822B96FA1007F464F /* nssl0045.jpg */,
				55FB577922B96FA1007F464F /* nssl0051.jpg */,
				55FB577A22B96FA1007F464F /* nssl0041.jpg */,
				55FB577B22B96FA1007F464F /* nssl0042.jpg */,
				55FB577C22B96FA1007F464F /* nssl0043.jpg */,
				55FB577D22B96FA1007F464F /* nssl0033.jpg */,
				55FB577E22B96FA1007F464F /* nssl0034.jpg */,
			);
			path = Content;
			sourceTree = "<group>";
		};
/* End PBXGroup section */

/* Begin PBXNativeTarget section */
		55BF74DA22B572E300FBF035 /* Gish */ = {
			isa = PBXNativeTarget;
			buildConfigurationList = 55BF74EF22B572E500FBF035 /* Build configuration list for PBXNativeTarget "Gish" */;
			buildPhases = (
				55BF74D722B572E300FBF035 /* Sources */,
				55BF74D822B572E300FBF035 /* Frameworks */,
				55BF74D922B572E300FBF035 /* Resources */,
			);
			buildRules = (
			);
			dependencies = (
			);
			name = Gish;
			productName = Gish;
			productReference = 55BF74DB22B572E300FBF035 /* Gish.app */;
			productType = "com.apple.product-type.application";
		};
/* End PBXNativeTarget section */

/* Begin PBXProject section */
		55BF74D322B572E300FBF035 /* Project object */ = {
			isa = PBXProject;
			attributes = {
				LastSwiftUpdateCheck = 1100;
				LastUpgradeCheck = 1100;
				ORGANIZATIONNAME = "Kushal Ashok";
				TargetAttributes = {
					55BF74DA22B572E300FBF035 = {
						CreatedOnToolsVersion = 11.0;
					};
				};
			};
			buildConfigurationList = 55BF74D622B572E300FBF035 /* Build configuration list for PBXProject "Gish" */;
			compatibilityVersion = "Xcode 9.3";
			developmentRegion = en;
			hasScannedForEncodings = 0;
			knownRegions = (
				en,
				Base,
			);
			mainGroup = 55BF74D222B572E300FBF035;
			productRefGroup = 55BF74DC22B572E300FBF035 /* Products */;
			projectDirPath = "";
			projectRoot = "";
			targets = (
				55BF74DA22B572E300FBF035 /* Gish */,
			);
		};
/* End PBXProject section */

/* Begin PBXResourcesBuildPhase section */
		55BF74D922B572E300FBF035 /* Resources */ = {
			isa = PBXResourcesBuildPhase;
			buildActionMask = 2147483647;
			files = (
				55FB578022B96FA1007F464F /* nssl0046.jpg in Resources */,
				55FB578722B96FA1007F464F /* nssl0033.jpg in Resources */,
				55FB578322B96FA1007F464F /* nssl0051.jpg in Resources */,
				55FB578122B96FA1007F464F /* nssl0091.jpg in Resources */,
				55FB578622B96FA1007F464F /* nssl0043.jpg in Resources */,
				55FB578822B96FA1007F464F /* nssl0034.jpg in Resources */,
				55FB577F22B96FA1007F464F /* nssl0049.jpg in Resources */,
				55FB578422B96FA1007F464F /* nssl0041.jpg in Resources */,
				55FB578522B96FA1007F464F /* nssl0042.jpg in Resources */,
				55BF74EB22B572E500FBF035 /* LaunchScreen.storyboard in Resources */,
				55BF74E822B572E500FBF035 /* Preview Assets.xcassets in Resources */,
				55FB578222B96FA1007F464F /* nssl0045.jpg in Resources */,
				55BF74E522B572E500FBF035 /* Assets.xcassets in Resources */,
			);
			runOnlyForDeploymentPostprocessing = 0;
		};
/* End PBXResourcesBuildPhase section */

/* Begin PBXSourcesBuildPhase section */
		55BF74D722B572E300FBF035 /* Sources */ = {
			isa = PBXSourcesBuildPhase;
			buildActionMask = 2147483647;
			files = (
				55FB576F22B95661007F464F /* FormView.swift in Sources */,
				55BF74DF22B572E300FBF035 /* AppDelegate.swift in Sources */,
				55BF74E122B572E400FBF035 /* SceneDelegate.swift in Sources */,
				55BF74F522B5E30600FBF035 /* ListView.swift in Sources */,
				55BF74E322B572E400FBF035 /* ContentView.swift in Sources */,
				55BF74F322B5753F00FBF035 /* Role.swift in Sources */,
				55FB577322B965D8007F464F /* User.swift in Sources */,
			);
			runOnlyForDeploymentPostprocessing = 0;
		};
/* End PBXSourcesBuildPhase section */

/* Begin PBXVariantGroup section */
		55BF74E922B572E500FBF035 /* LaunchScreen.storyboard */ = {
			isa = PBXVariantGroup;
			children = (
				55BF74EA22B572E500FBF035 /* Base */,
			);
			name = LaunchScreen.storyboard;
			sourceTree = "<group>";
		};
/* End PBXVariantGroup section */

/* Begin XCBuildConfiguration section */
		55BF74ED22B572E500FBF035 /* Debug */ = {
			isa = XCBuildConfiguration;
			buildSettings = {
				ALWAYS_SEARCH_USER_PATHS = NO;
				CLANG_ANALYZER_NONNULL = YES;
				CLANG_ANALYZER_NUMBER_OBJECT_CONVERSION = YES_AGGRESSIVE;
				CLANG_CXX_LANGUAGE_STANDARD = "gnu++14";
				CLANG_CXX_LIBRARY = "libc++";
				CLANG_ENABLE_MODULES = YES;
				CLANG_ENABLE_OBJC_ARC = YES;
				CLANG_ENABLE_OBJC_WEAK = YES;
				CLANG_WARN_BLOCK_CAPTURE_AUTORELEASING = YES;
				CLANG_WARN_BOOL_CONVERSION = YES;
				CLANG_WARN_COMMA = YES;
				CLANG_WARN_CONSTANT_CONVERSION = YES;
				CLANG_WARN_DEPRECATED_OBJC_IMPLEMENTATIONS = YES;
				CLANG_WARN_DIRECT_OBJC_ISA_USAGE = YES_ERROR;
				CLANG_WARN_DOCUMENTATION_COMMENTS = YES;
				CLANG_WARN_EMPTY_BODY = YES;
				CLANG_WARN_ENUM_CONVERSION = YES;
				CLANG_WARN_INFINITE_RECURSION = YES;
				CLANG_WARN_INT_CONVERSION = YES;
				CLANG_WARN_NON_LITERAL_NULL_CONVERSION = YES;
				CLANG_WARN_OBJC_IMPLICIT_RETAIN_SELF = YES;
				CLANG_WARN_OBJC_LITERAL_CONVERSION = YES;
				CLANG_WARN_OBJC_ROOT_CLASS = YES_ERROR;
				CLANG_WARN_RANGE_LOOP_ANALYSIS = YES;
				CLANG_WARN_STRICT_PROTOTYPES = YES;
				CLANG_WARN_SUSPICIOUS_MOVE = YES;
				CLANG_WARN_UNGUARDED_AVAILABILITY = YES_AGGRESSIVE;
				CLANG_WARN_UNREACHABLE_CODE = YES;
				CLANG_WARN__DUPLICATE_METHOD_MATCH = YES;
				COPY_PHASE_STRIP = NO;
				DEBUG_INFORMATION_FORMAT = dwarf;
				ENABLE_STRICT_OBJC_MSGSEND = YES;
				ENABLE_TESTABILITY = YES;
				GCC_C_LANGUAGE_STANDARD = gnu11;
				GCC_DYNAMIC_NO_PIC = NO;
				GCC_NO_COMMON_BLOCKS = YES;
				GCC_OPTIMIZATION_LEVEL = 0;
				GCC_PREPROCESSOR_DEFINITIONS = (
					"DEBUG=1",
					"$(inherited)",
				);
				GCC_WARN_64_TO_32_BIT_CONVERSION = YES;
				GCC_WARN_ABOUT_RETURN_TYPE = YES_ERROR;
				GCC_WARN_UNDECLARED_SELECTOR = YES;
				GCC_WARN_UNINITIALIZED_AUTOS = YES_AGGRESSIVE;
				GCC_WARN_UNUSED_FUNCTION = YES;
				GCC_WARN_UNUSED_VARIABLE = YES;
				IPHONEOS_DEPLOYMENT_TARGET = 13.0;
				MTL_ENABLE_DEBUG_INFO = INCLUDE_SOURCE;
				MTL_FAST_MATH = YES;
				ONLY_ACTIVE_ARCH = YES;
				SDKROOT = iphoneos;
				SWIFT_ACTIVE_COMPILATION_CONDITIONS = DEBUG;
				SWIFT_OPTIMIZATION_LEVEL = "-Onone";
			};
			name = Debug;
		};
		55BF74EE22B572E500FBF035 /* Release */ = {
			isa = XCBuildConfiguration;
			buildSettings = {
				ALWAYS_SEARCH_USER_PATHS = NO;
				CLANG_ANALYZER_NONNULL = YES;
				CLANG_ANALYZER_NUMBER_OBJECT_CONVERSION = YES_AGGRESSIVE;
				CLANG_CXX_LANGUAGE_STANDARD = "gnu++14";
				CLANG_CXX_LIBRARY = "libc++";
				CLANG_ENABLE_MODULES = YES;
				CLANG_ENABLE_OBJC_ARC = YES;
				CLANG_ENABLE_OBJC_WEAK = YES;
				CLANG_WARN_BLOCK_CAPTURE_AUTORELEASING = YES;
				CLANG_WARN_BOOL_CONVERSION = YES;
				CLANG_WARN_COMMA = YES;
				CLANG_WARN_CONSTANT_CONVERSION = YES;
				CLANG_WARN_DEPRECATED_OBJC_IMPLEMENTATIONS = YES;
				CLANG_WARN_DIRECT_OBJC_ISA_USAGE = YES_ERROR;
				CLANG_WARN_DOCUMENTATION_COMMENTS = YES;
				CLANG_WARN_EMPTY_BODY = YES;
				CLANG_WARN_ENUM_CONVERSION = YES;
				CLANG_WARN_INFINITE_RECURSION = YES;
				CLANG_WARN_INT_CONVERSION = YES;
				CLANG_WARN_NON_LITERAL_NULL_CONVERSION = YES;
				CLANG_WARN_OBJC_IMPLICIT_RETAIN_SELF = YES;
				CLANG_WARN_OBJC_LITERAL_CONVERSION = YES;
				CLANG_WARN_OBJC_ROOT_CLASS = YES_ERROR;
				CLANG_WARN_RANGE_LOOP_ANALYSIS = YES;
				CLANG_WARN_STRICT_PROTOTYPES = YES;
				CLANG_WARN_SUSPICIOUS_MOVE = YES;
				CLANG_WARN_UNGUARDED_AVAILABILITY = YES_AGGRESSIVE;
				CLANG_WARN_UNREACHABLE_CODE = YES;
				CLANG_WARN__DUPLICATE_METHOD_MATCH = YES;
				COPY_PHASE_STRIP = NO;
				DEBUG_INFORMATION_FORMAT = "dwarf-with-dsym";
				ENABLE_NS_ASSERTIONS = NO;
				ENABLE_STRICT_OBJC_MSGSEND = YES;
				GCC_C_LANGUAGE_STANDARD = gnu11;
				GCC_NO_COMMON_BLOCKS = YES;
				GCC_WARN_64_TO_32_BIT_CONVERSION = YES;
				GCC_WARN_ABOUT_RETURN_TYPE = YES_ERROR;
				GCC_WARN_UNDECLARED_SELECTOR = YES;
				GCC_WARN_UNINITIALIZED_AUTOS = YES_AGGRESSIVE;
				GCC_WARN_UNUSED_FUNCTION = YES;
				GCC_WARN_UNUSED_VARIABLE = YES;
				IPHONEOS_DEPLOYMENT_TARGET = 13.0;
				MTL_ENABLE_DEBUG_INFO = NO;
				MTL_FAST_MATH = YES;
				SDKROOT = iphoneos;
				SWIFT_COMPILATION_MODE = wholemodule;
				SWIFT_OPTIMIZATION_LEVEL = "-O";
				VALIDATE_PRODUCT = YES;
			};
			name = Release;
		};
		55BF74F022B572E500FBF035 /* Debug */ = {
			isa = XCBuildConfiguration;
			buildSettings = {
				ASSETCATALOG_COMPILER_APPICON_NAME = AppIcon;
				CODE_SIGN_STYLE = Automatic;
				DEVELOPMENT_ASSET_PATHS = "Gish/Preview\\ Content";
				DEVELOPMENT_TEAM = K63S3884G5;
				ENABLE_PREVIEWS = YES;
				INFOPLIST_FILE = Gish/Info.plist;
				LD_RUNPATH_SEARCH_PATHS = (
					"$(inherited)",
					"@executable_path/Frameworks",
				);
				PRODUCT_BUNDLE_IDENTIFIER = speed.Gish;
				PRODUCT_NAME = "$(TARGET_NAME)";
				SWIFT_VERSION = 5.0;
				TARGETED_DEVICE_FAMILY = "1,2";
			};
			name = Debug;
		};
		55BF74F122B572E500FBF035 /* Release */ = {
			isa = XCBuildConfiguration;
			buildSettings = {
				ASSETCATALOG_COMPILER_APPICON_NAME = AppIcon;
				CODE_SIGN_STYLE = Automatic;
				DEVELOPMENT_ASSET_PATHS = "Gish/Preview\\ Content";
				DEVELOPMENT_TEAM = K63S3884G5;
				ENABLE_PREVIEWS = YES;
				INFOPLIST_FILE = Gish/Info.plist;
				LD_RUNPATH_SEARCH_PATHS = (
					"$(inherited)",
					"@executable_path/Frameworks",
				);
				PRODUCT_BUNDLE_IDENTIFIER = speed.Gish;
				PRODUCT_NAME = "$(TARGET_NAME)";
				SWIFT_VERSION = 5.0;
				TARGETED_DEVICE_FAMILY = "1,2";
			};
			name = Release;
		};
/* End XCBuildConfiguration section */

/* Begin XCConfigurationList section */
		55BF74D622B572E300FBF035 /* Build configuration list for PBXProject "Gish" */ = {
			isa = XCConfigurationList;
			buildConfigurations = (
				55BF74ED22B572E500FBF035 /* Debug */,
				55BF74EE22B572E500FBF035 /* Release */,
			);
			defaultConfigurationIsVisible = 0;
			defaultConfigurationName = Release;
		};
		55BF74EF22B572E500FBF035 /* Build configuration list for PBXNativeTarget "Gish" */ = {
			isa = XCConfigurationList;
			buildConfigurations = (
				55BF74F022B572E500FBF035 /* Debug */,
				55BF74F122B572E500FBF035 /* Release */,
			);
			defaultConfigurationIsVisible = 0;
			defaultConfigurationName = Release;
		};
/* End XCConfigurationList section */
	};
	rootObject = 55BF74D322B572E300FBF035 /* Project object */;
}
